// !$*UTF8*$!
{
	archiveVersion = 1;
	classes = {
	};
	objectVersion = 46;
	objects = {

/* Begin PBXBuildFile section */
		23B543DCB7B8FCCF1458DBAB /* libPods-RecruitUITests.a in Frameworks */ = {isa = PBXBuildFile; fileRef = 8D8F7FE2CBE4C0B37BADD09F /* libPods-RecruitUITests.a */; };
		6F24D1001F4AC7FF0059F753 /* RCQuestionSet.m in Sources */ = {isa = PBXBuildFile; fileRef = 6F24D0FF1F4AC7FF0059F753 /* RCQuestionSet.m */; };
		6FA75D5C1F4A3F31007DEE92 /* QuestionsViewController.m in Sources */ = {isa = PBXBuildFile; fileRef = 6FA75D5B1F4A3F31007DEE92 /* QuestionsViewController.m */; };
		6FA94C3A1F2B127300EB7877 /* main.m in Sources */ = {isa = PBXBuildFile; fileRef = 6FA94C391F2B127300EB7877 /* main.m */; };
		6FA94C3D1F2B127300EB7877 /* AppDelegate.m in Sources */ = {isa = PBXBuildFile; fileRef = 6FA94C3C1F2B127300EB7877 /* AppDelegate.m */; };
		6FA94C401F2B127300EB7877 /* ViewController.m in Sources */ = {isa = PBXBuildFile; fileRef = 6FA94C3F1F2B127300EB7877 /* ViewController.m */; };
		6FA94C431F2B127300EB7877 /* Main.storyboard in Resources */ = {isa = PBXBuildFile; fileRef = 6FA94C411F2B127300EB7877 /* Main.storyboard */; };
		6FA94C451F2B127300EB7877 /* Assets.xcassets in Resources */ = {isa = PBXBuildFile; fileRef = 6FA94C441F2B127300EB7877 /* Assets.xcassets */; };
		6FA94C481F2B127300EB7877 /* LaunchScreen.storyboard in Resources */ = {isa = PBXBuildFile; fileRef = 6FA94C461F2B127300EB7877 /* LaunchScreen.storyboard */; };
		6FA94C531F2B127300EB7877 /* RecruitTests.m in Sources */ = {isa = PBXBuildFile; fileRef = 6FA94C521F2B127300EB7877 /* RecruitTests.m */; };
		6FA94C5E1F2B127300EB7877 /* RecruitUITests.m in Sources */ = {isa = PBXBuildFile; fileRef = 6FA94C5D1F2B127300EB7877 /* RecruitUITests.m */; };
		6FA94C6D1F2B215800EB7877 /* HomeViewController.m in Sources */ = {isa = PBXBuildFile; fileRef = 6FA94C6C1F2B215800EB7877 /* HomeViewController.m */; };
		6FA94C701F2B221200EB7877 /* RCInterview.m in Sources */ = {isa = PBXBuildFile; fileRef = 6FA94C6F1F2B221200EB7877 /* RCInterview.m */; };
		6FA94C731F2B223D00EB7877 /* RCCompany.m in Sources */ = {isa = PBXBuildFile; fileRef = 6FA94C721F2B223D00EB7877 /* RCCompany.m */; };
		6FA94C771F2B23F700EB7877 /* RCInterviewProcessManager.m in Sources */ = {isa = PBXBuildFile; fileRef = 6FA94C761F2B23F700EB7877 /* RCInterviewProcessManager.m */; };
		6FA94C7A1F2B24AE00EB7877 /* RCEmployerContact.m in Sources */ = {isa = PBXBuildFile; fileRef = 6FA94C791F2B24AE00EB7877 /* RCEmployerContact.m */; };
		6FD1EAD11F3AECF400DA4189 /* HomeOptionsCellNode.m in Sources */ = {isa = PBXBuildFile; fileRef = 6FD1EAD01F3AECF400DA4189 /* HomeOptionsCellNode.m */; };
		6FD1EAD51F3AF2BC00DA4189 /* HomeOptionsCellConfig.m in Sources */ = {isa = PBXBuildFile; fileRef = 6FD1EAD41F3AF2BC00DA4189 /* HomeOptionsCellConfig.m */; };
		6FD1EAD81F3AF5B300DA4189 /* UIColor+Hex.m in Sources */ = {isa = PBXBuildFile; fileRef = 6FD1EAD71F3AF5B300DA4189 /* UIColor+Hex.m */; };
		7174B18559A8866721348324 /* libPods-Recruit.a in Frameworks */ = {isa = PBXBuildFile; fileRef = D8DD8F9A60CDE4412BA9C82D /* libPods-Recruit.a */; };
		F97090A0EDB22A1FD3AC3008 /* libPods-RecruitTests.a in Frameworks */ = {isa = PBXBuildFile; fileRef = 227F40BFF4E0130094D67AC1 /* libPods-RecruitTests.a */; };
/* End PBXBuildFile section */

/* Begin PBXContainerItemProxy section */
		6FA94C4F1F2B127300EB7877 /* PBXContainerItemProxy */ = {
			isa = PBXContainerItemProxy;
			containerPortal = 6FA94C2D1F2B127300EB7877 /* Project object */;
			proxyType = 1;
			remoteGlobalIDString = 6FA94C341F2B127300EB7877;
			remoteInfo = Recruit;
		};
		6FA94C5A1F2B127300EB7877 /* PBXContainerItemProxy */ = {
			isa = PBXContainerItemProxy;
			containerPortal = 6FA94C2D1F2B127300EB7877 /* Project object */;
			proxyType = 1;
			remoteGlobalIDString = 6FA94C341F2B127300EB7877;
			remoteInfo = Recruit;
		};
/* End PBXContainerItemProxy section */

/* Begin PBXFileReference section */
		227F40BFF4E0130094D67AC1 /* libPods-RecruitTests.a */ = {isa = PBXFileReference; explicitFileType = archive.ar; includeInIndex = 0; path = "libPods-RecruitTests.a"; sourceTree = BUILT_PRODUCTS_DIR; };
		29D4727884AF1FFB325A98B5 /* Pods-RecruitTests.release.xcconfig */ = {isa = PBXFileReference; includeInIndex = 1; lastKnownFileType = text.xcconfig; name = "Pods-RecruitTests.release.xcconfig"; path = "Pods/Target Support Files/Pods-RecruitTests/Pods-RecruitTests.release.xcconfig"; sourceTree = "<group>"; };
		36B109B15994137604DB0498 /* Pods-Recruit.release.xcconfig */ = {isa = PBXFileReference; includeInIndex = 1; lastKnownFileType = text.xcconfig; name = "Pods-Recruit.release.xcconfig"; path = "Pods/Target Support Files/Pods-Recruit/Pods-Recruit.release.xcconfig"; sourceTree = "<group>"; };
		3EE5FB41662A88ADA4A8A1A9 /* Pods-RecruitUITests.debug.xcconfig */ = {isa = PBXFileReference; includeInIndex = 1; lastKnownFileType = text.xcconfig; name = "Pods-RecruitUITests.debug.xcconfig"; path = "Pods/Target Support Files/Pods-RecruitUITests/Pods-RecruitUITests.debug.xcconfig"; sourceTree = "<group>"; };
		56AAE36F412174AB10ACC01D /* Pods-RecruitUITests.release.xcconfig */ = {isa = PBXFileReference; includeInIndex = 1; lastKnownFileType = text.xcconfig; name = "Pods-RecruitUITests.release.xcconfig"; path = "Pods/Target Support Files/Pods-RecruitUITests/Pods-RecruitUITests.release.xcconfig"; sourceTree = "<group>"; };
		6F24D0FE1F4AC7FF0059F753 /* RCQuestionSet.h */ = {isa = PBXFileReference; fileEncoding = 4; lastKnownFileType = sourcecode.c.h; path = RCQuestionSet.h; sourceTree = "<group>"; };
		6F24D0FF1F4AC7FF0059F753 /* RCQuestionSet.m */ = {isa = PBXFileReference; fileEncoding = 4; lastKnownFileType = sourcecode.c.objc; path = RCQuestionSet.m; sourceTree = "<group>"; };
		6FA75D5A1F4A3F31007DEE92 /* QuestionsViewController.h */ = {isa = PBXFileReference; fileEncoding = 4; lastKnownFileType = sourcecode.c.h; name = QuestionsViewController.h; path = ../QuestionsViewController.h; sourceTree = "<group>"; };
		6FA75D5B1F4A3F31007DEE92 /* QuestionsViewController.m */ = {isa = PBXFileReference; fileEncoding = 4; lastKnownFileType = sourcecode.c.objc; name = QuestionsViewController.m; path = ../QuestionsViewController.m; sourceTree = "<group>"; };
		6FA94C351F2B127300EB7877 /* Recruit.app */ = {isa = PBXFileReference; explicitFileType = wrapper.application; includeInIndex = 0; path = Recruit.app; sourceTree = BUILT_PRODUCTS_DIR; };
		6FA94C391F2B127300EB7877 /* main.m */ = {isa = PBXFileReference; lastKnownFileType = sourcecode.c.objc; path = main.m; sourceTree = "<group>"; };
		6FA94C3B1F2B127300EB7877 /* AppDelegate.h */ = {isa = PBXFileReference; lastKnownFileType = sourcecode.c.h; path = AppDelegate.h; sourceTree = "<group>"; };
		6FA94C3C1F2B127300EB7877 /* AppDelegate.m */ = {isa = PBXFileReference; lastKnownFileType = sourcecode.c.objc; path = AppDelegate.m; sourceTree = "<group>"; };
		6FA94C3E1F2B127300EB7877 /* ViewController.h */ = {isa = PBXFileReference; lastKnownFileType = sourcecode.c.h; path = ViewController.h; sourceTree = "<group>"; };
		6FA94C3F1F2B127300EB7877 /* ViewController.m */ = {isa = PBXFileReference; lastKnownFileType = sourcecode.c.objc; path = ViewController.m; sourceTree = "<group>"; };
		6FA94C421F2B127300EB7877 /* Base */ = {isa = PBXFileReference; lastKnownFileType = file.storyboard; name = Base; path = Base.lproj/Main.storyboard; sourceTree = "<group>"; };
		6FA94C441F2B127300EB7877 /* Assets.xcassets */ = {isa = PBXFileReference; lastKnownFileType = folder.assetcatalog; path = Assets.xcassets; sourceTree = "<group>"; };
		6FA94C471F2B127300EB7877 /* Base */ = {isa = PBXFileReference; lastKnownFileType = file.storyboard; name = Base; path = Base.lproj/LaunchScreen.storyboard; sourceTree = "<group>"; };
		6FA94C491F2B127300EB7877 /* Info.plist */ = {isa = PBXFileReference; lastKnownFileType = text.plist.xml; path = Info.plist; sourceTree = "<group>"; };
		6FA94C4E1F2B127300EB7877 /* RecruitTests.xctest */ = {isa = PBXFileReference; explicitFileType = wrapper.cfbundle; includeInIndex = 0; path = RecruitTests.xctest; sourceTree = BUILT_PRODUCTS_DIR; };
		6FA94C521F2B127300EB7877 /* RecruitTests.m */ = {isa = PBXFileReference; lastKnownFileType = sourcecode.c.objc; path = RecruitTests.m; sourceTree = "<group>"; };
		6FA94C541F2B127300EB7877 /* Info.plist */ = {isa = PBXFileReference; lastKnownFileType = text.plist.xml; path = Info.plist; sourceTree = "<group>"; };
		6FA94C591F2B127300EB7877 /* RecruitUITests.xctest */ = {isa = PBXFileReference; explicitFileType = wrapper.cfbundle; includeInIndex = 0; path = RecruitUITests.xctest; sourceTree = BUILT_PRODUCTS_DIR; };
		6FA94C5D1F2B127300EB7877 /* RecruitUITests.m */ = {isa = PBXFileReference; lastKnownFileType = sourcecode.c.objc; path = RecruitUITests.m; sourceTree = "<group>"; };
		6FA94C5F1F2B127300EB7877 /* Info.plist */ = {isa = PBXFileReference; lastKnownFileType = text.plist.xml; path = Info.plist; sourceTree = "<group>"; };
		6FA94C6B1F2B215800EB7877 /* HomeViewController.h */ = {isa = PBXFileReference; fileEncoding = 4; lastKnownFileType = sourcecode.c.h; path = HomeViewController.h; sourceTree = "<group>"; };
		6FA94C6C1F2B215800EB7877 /* HomeViewController.m */ = {isa = PBXFileReference; fileEncoding = 4; lastKnownFileType = sourcecode.c.objc; path = HomeViewController.m; sourceTree = "<group>"; };
		6FA94C6E1F2B221200EB7877 /* RCInterview.h */ = {isa = PBXFileReference; fileEncoding = 4; lastKnownFileType = sourcecode.c.h; path = RCInterview.h; sourceTree = "<group>"; };
		6FA94C6F1F2B221200EB7877 /* RCInterview.m */ = {isa = PBXFileReference; fileEncoding = 4; lastKnownFileType = sourcecode.c.objc; path = RCInterview.m; sourceTree = "<group>"; };
		6FA94C711F2B223D00EB7877 /* RCCompany.h */ = {isa = PBXFileReference; fileEncoding = 4; lastKnownFileType = sourcecode.c.h; path = RCCompany.h; sourceTree = "<group>"; };
		6FA94C721F2B223D00EB7877 /* RCCompany.m */ = {isa = PBXFileReference; fileEncoding = 4; lastKnownFileType = sourcecode.c.objc; path = RCCompany.m; sourceTree = "<group>"; };
		6FA94C751F2B23F700EB7877 /* RCInterviewProcessManager.h */ = {isa = PBXFileReference; fileEncoding = 4; lastKnownFileType = sourcecode.c.h; path = RCInterviewProcessManager.h; sourceTree = "<group>"; };
		6FA94C761F2B23F700EB7877 /* RCInterviewProcessManager.m */ = {isa = PBXFileReference; fileEncoding = 4; lastKnownFileType = sourcecode.c.objc; path = RCInterviewProcessManager.m; sourceTree = "<group>"; };
		6FA94C781F2B24AE00EB7877 /* RCEmployerContact.h */ = {isa = PBXFileReference; fileEncoding = 4; lastKnownFileType = sourcecode.c.h; path = RCEmployerContact.h; sourceTree = "<group>"; };
		6FA94C791F2B24AE00EB7877 /* RCEmployerContact.m */ = {isa = PBXFileReference; fileEncoding = 4; lastKnownFileType = sourcecode.c.objc; path = RCEmployerContact.m; sourceTree = "<group>"; };
		6FD1EACF1F3AECF400DA4189 /* HomeOptionsCellNode.h */ = {isa = PBXFileReference; fileEncoding = 4; lastKnownFileType = sourcecode.c.h; path = HomeOptionsCellNode.h; sourceTree = "<group>"; };
		6FD1EAD01F3AECF400DA4189 /* HomeOptionsCellNode.m */ = {isa = PBXFileReference; fileEncoding = 4; lastKnownFileType = sourcecode.c.objc; path = HomeOptionsCellNode.m; sourceTree = "<group>"; };
		6FD1EAD31F3AF2BC00DA4189 /* HomeOptionsCellConfig.h */ = {isa = PBXFileReference; fileEncoding = 4; lastKnownFileType = sourcecode.c.h; name = HomeOptionsCellConfig.h; path = ../HomeOptionsCellConfig.h; sourceTree = "<group>"; };
		6FD1EAD41F3AF2BC00DA4189 /* HomeOptionsCellConfig.m */ = {isa = PBXFileReference; fileEncoding = 4; lastKnownFileType = sourcecode.c.objc; name = HomeOptionsCellConfig.m; path = ../HomeOptionsCellConfig.m; sourceTree = "<group>"; };
		6FD1EAD61F3AF5B300DA4189 /* UIColor+Hex.h */ = {isa = PBXFileReference; fileEncoding = 4; lastKnownFileType = sourcecode.c.h; path = "UIColor+Hex.h"; sourceTree = "<group>"; };
		6FD1EAD71F3AF5B300DA4189 /* UIColor+Hex.m */ = {isa = PBXFileReference; fileEncoding = 4; lastKnownFileType = sourcecode.c.objc; path = "UIColor+Hex.m"; sourceTree = "<group>"; };
		7CF8F1529ED5FBD5ABF4B7E4 /* Pods-RecruitTests.debug.xcconfig */ = {isa = PBXFileReference; includeInIndex = 1; lastKnownFileType = text.xcconfig; name = "Pods-RecruitTests.debug.xcconfig"; path = "Pods/Target Support Files/Pods-RecruitTests/Pods-RecruitTests.debug.xcconfig"; sourceTree = "<group>"; };
		8D8F7FE2CBE4C0B37BADD09F /* libPods-RecruitUITests.a */ = {isa = PBXFileReference; explicitFileType = archive.ar; includeInIndex = 0; path = "libPods-RecruitUITests.a"; sourceTree = BUILT_PRODUCTS_DIR; };
		97336ACA2B6719EA003E9946 /* Pods-Recruit.debug.xcconfig */ = {isa = PBXFileReference; includeInIndex = 1; lastKnownFileType = text.xcconfig; name = "Pods-Recruit.debug.xcconfig"; path = "Pods/Target Support Files/Pods-Recruit/Pods-Recruit.debug.xcconfig"; sourceTree = "<group>"; };
		D8DD8F9A60CDE4412BA9C82D /* libPods-Recruit.a */ = {isa = PBXFileReference; explicitFileType = archive.ar; includeInIndex = 0; path = "libPods-Recruit.a"; sourceTree = BUILT_PRODUCTS_DIR; };
/* End PBXFileReference section */

/* Begin PBXFrameworksBuildPhase section */
		6FA94C321F2B127300EB7877 /* Frameworks */ = {
			isa = PBXFrameworksBuildPhase;
			buildActionMask = 2147483647;
			files = (
				7174B18559A8866721348324 /* libPods-Recruit.a in Frameworks */,
			);
			runOnlyForDeploymentPostprocessing = 0;
		};
		6FA94C4B1F2B127300EB7877 /* Frameworks */ = {
			isa = PBXFrameworksBuildPhase;
			buildActionMask = 2147483647;
			files = (
				F97090A0EDB22A1FD3AC3008 /* libPods-RecruitTests.a in Frameworks */,
			);
			runOnlyForDeploymentPostprocessing = 0;
		};
		6FA94C561F2B127300EB7877 /* Frameworks */ = {
			isa = PBXFrameworksBuildPhase;
			buildActionMask = 2147483647;
			files = (
				23B543DCB7B8FCCF1458DBAB /* libPods-RecruitUITests.a in Frameworks */,
			);
			runOnlyForDeploymentPostprocessing = 0;
		};
/* End PBXFrameworksBuildPhase section */

/* Begin PBXGroup section */
		6FA94C2C1F2B127300EB7877 = {
			isa = PBXGroup;
			children = (
				6FA94C371F2B127300EB7877 /* Recruit */,
				6FA94C511F2B127300EB7877 /* RecruitTests */,
				6FA94C5C1F2B127300EB7877 /* RecruitUITests */,
				6FA94C361F2B127300EB7877 /* Products */,
				CAA6261B6EC5986E5D8AE837 /* Pods */,
				7764207ACFBD0044C5AF95A9 /* Frameworks */,
			);
			sourceTree = "<group>";
		};
		6FA94C361F2B127300EB7877 /* Products */ = {
			isa = PBXGroup;
			children = (
				6FA94C351F2B127300EB7877 /* Recruit.app */,
				6FA94C4E1F2B127300EB7877 /* RecruitTests.xctest */,
				6FA94C591F2B127300EB7877 /* RecruitUITests.xctest */,
			);
			name = Products;
			sourceTree = "<group>";
		};
		6FA94C371F2B127300EB7877 /* Recruit */ = {
			isa = PBXGroup;
			children = (
				6FD1EAD91F3AF5F400DA4189 /* Extensions */,
				6FD1EAD21F3AECFB00DA4189 /* CellNode */,
				6FA94C3B1F2B127300EB7877 /* AppDelegate.h */,
				6FA94C3C1F2B127300EB7877 /* AppDelegate.m */,
				6FA94C3E1F2B127300EB7877 /* ViewController.h */,
				6FA94C3F1F2B127300EB7877 /* ViewController.m */,
				6FD1EAD31F3AF2BC00DA4189 /* HomeOptionsCellConfig.h */,
				6FD1EAD41F3AF2BC00DA4189 /* HomeOptionsCellConfig.m */,
				6FA94C6B1F2B215800EB7877 /* HomeViewController.h */,
				6FA94C6C1F2B215800EB7877 /* HomeViewController.m */,
				6FA75D5A1F4A3F31007DEE92 /* QuestionsViewController.h */,
				6FA75D5B1F4A3F31007DEE92 /* QuestionsViewController.m */,
				6FA94C741F2B224000EB7877 /* Model */,
				6FA94C411F2B127300EB7877 /* Main.storyboard */,
				6FA94C441F2B127300EB7877 /* Assets.xcassets */,
				6FA94C461F2B127300EB7877 /* LaunchScreen.storyboard */,
				6FA94C491F2B127300EB7877 /* Info.plist */,
				6FA94C381F2B127300EB7877 /* Supporting Files */,
			);
			path = Recruit;
			sourceTree = "<group>";
		};
		6FA94C381F2B127300EB7877 /* Supporting Files */ = {
			isa = PBXGroup;
			children = (
				6FA94C391F2B127300EB7877 /* main.m */,
			);
			name = "Supporting Files";
			sourceTree = "<group>";
		};
		6FA94C511F2B127300EB7877 /* RecruitTests */ = {
			isa = PBXGroup;
			children = (
				6FA94C521F2B127300EB7877 /* RecruitTests.m */,
				6FA94C541F2B127300EB7877 /* Info.plist */,
			);
			path = RecruitTests;
			sourceTree = "<group>";
		};
		6FA94C5C1F2B127300EB7877 /* RecruitUITests */ = {
			isa = PBXGroup;
			children = (
				6FA94C5D1F2B127300EB7877 /* RecruitUITests.m */,
				6FA94C5F1F2B127300EB7877 /* Info.plist */,
			);
			path = RecruitUITests;
			sourceTree = "<group>";
		};
		6FA94C741F2B224000EB7877 /* Model */ = {
			isa = PBXGroup;
			children = (
				6F24D0FE1F4AC7FF0059F753 /* RCQuestionSet.h */,
				6F24D0FF1F4AC7FF0059F753 /* RCQuestionSet.m */,
				6FA94C6E1F2B221200EB7877 /* RCInterview.h */,
				6FA94C6F1F2B221200EB7877 /* RCInterview.m */,
				6FA94C711F2B223D00EB7877 /* RCCompany.h */,
				6FA94C721F2B223D00EB7877 /* RCCompany.m */,
				6FA94C751F2B23F700EB7877 /* RCInterviewProcessManager.h */,
				6FA94C761F2B23F700EB7877 /* RCInterviewProcessManager.m */,
				6FA94C781F2B24AE00EB7877 /* RCEmployerContact.h */,
				6FA94C791F2B24AE00EB7877 /* RCEmployerContact.m */,
			);
			name = Model;
			sourceTree = "<group>";
		};
		6FD1EAD21F3AECFB00DA4189 /* CellNode */ = {
			isa = PBXGroup;
			children = (
				6FD1EACF1F3AECF400DA4189 /* HomeOptionsCellNode.h */,
				6FD1EAD01F3AECF400DA4189 /* HomeOptionsCellNode.m */,
			);
			name = CellNode;
			sourceTree = "<group>";
		};
		6FD1EAD91F3AF5F400DA4189 /* Extensions */ = {
			isa = PBXGroup;
			children = (
				6FD1EAD61F3AF5B300DA4189 /* UIColor+Hex.h */,
				6FD1EAD71F3AF5B300DA4189 /* UIColor+Hex.m */,
			);
			name = Extensions;
			sourceTree = "<group>";
		};
		7764207ACFBD0044C5AF95A9 /* Frameworks */ = {
			isa = PBXGroup;
			children = (
				D8DD8F9A60CDE4412BA9C82D /* libPods-Recruit.a */,
				227F40BFF4E0130094D67AC1 /* libPods-RecruitTests.a */,
				8D8F7FE2CBE4C0B37BADD09F /* libPods-RecruitUITests.a */,
			);
			name = Frameworks;
			sourceTree = "<group>";
		};
		CAA6261B6EC5986E5D8AE837 /* Pods */ = {
			isa = PBXGroup;
			children = (
				97336ACA2B6719EA003E9946 /* Pods-Recruit.debug.xcconfig */,
				36B109B15994137604DB0498 /* Pods-Recruit.release.xcconfig */,
				7CF8F1529ED5FBD5ABF4B7E4 /* Pods-RecruitTests.debug.xcconfig */,
				29D4727884AF1FFB325A98B5 /* Pods-RecruitTests.release.xcconfig */,
				3EE5FB41662A88ADA4A8A1A9 /* Pods-RecruitUITests.debug.xcconfig */,
				56AAE36F412174AB10ACC01D /* Pods-RecruitUITests.release.xcconfig */,
			);
			name = Pods;
			sourceTree = "<group>";
		};
/* End PBXGroup section */

/* Begin PBXNativeTarget section */
		6FA94C341F2B127300EB7877 /* Recruit */ = {
			isa = PBXNativeTarget;
			buildConfigurationList = 6FA94C621F2B127300EB7877 /* Build configuration list for PBXNativeTarget "Recruit" */;
			buildPhases = (
				17C5E2A13A608196DBCFF74F /* [CP] Check Pods Manifest.lock */,
				6FA94C311F2B127300EB7877 /* Sources */,
				6FA94C321F2B127300EB7877 /* Frameworks */,
				6FA94C331F2B127300EB7877 /* Resources */,
				F831E9B3C8A678EBAD177C54 /* [CP] Embed Pods Frameworks */,
				BB4FD7EB4AF3B627B1EB8DB0 /* [CP] Copy Pods Resources */,
			);
			buildRules = (
			);
			dependencies = (
			);
			name = Recruit;
			productName = Recruit;
			productReference = 6FA94C351F2B127300EB7877 /* Recruit.app */;
			productType = "com.apple.product-type.application";
		};
		6FA94C4D1F2B127300EB7877 /* RecruitTests */ = {
			isa = PBXNativeTarget;
			buildConfigurationList = 6FA94C651F2B127300EB7877 /* Build configuration list for PBXNativeTarget "RecruitTests" */;
			buildPhases = (
				EBAFE9962125A876C504A4B0 /* [CP] Check Pods Manifest.lock */,
				6FA94C4A1F2B127300EB7877 /* Sources */,
				6FA94C4B1F2B127300EB7877 /* Frameworks */,
				6FA94C4C1F2B127300EB7877 /* Resources */,
				BA2A0726E21E97AD8679DD83 /* [CP] Embed Pods Frameworks */,
				BF187916D79768819BB72042 /* [CP] Copy Pods Resources */,
			);
			buildRules = (
			);
			dependencies = (
				6FA94C501F2B127300EB7877 /* PBXTargetDependency */,
			);
			name = RecruitTests;
			productName = RecruitTests;
			productReference = 6FA94C4E1F2B127300EB7877 /* RecruitTests.xctest */;
			productType = "com.apple.product-type.bundle.unit-test";
		};
		6FA94C581F2B127300EB7877 /* RecruitUITests */ = {
			isa = PBXNativeTarget;
			buildConfigurationList = 6FA94C681F2B127300EB7877 /* Build configuration list for PBXNativeTarget "RecruitUITests" */;
			buildPhases = (
				91DB1C8E97EE419E33C20A39 /* [CP] Check Pods Manifest.lock */,
				6FA94C551F2B127300EB7877 /* Sources */,
				6FA94C561F2B127300EB7877 /* Frameworks */,
				6FA94C571F2B127300EB7877 /* Resources */,
				E92FA5883DC27DA404FB4B2A /* [CP] Embed Pods Frameworks */,
				363F8F5C2A1D58730CE6ADC9 /* [CP] Copy Pods Resources */,
			);
			buildRules = (
			);
			dependencies = (
				6FA94C5B1F2B127300EB7877 /* PBXTargetDependency */,
			);
			name = RecruitUITests;
			productName = RecruitUITests;
			productReference = 6FA94C591F2B127300EB7877 /* RecruitUITests.xctest */;
			productType = "com.apple.product-type.bundle.ui-testing";
		};
/* End PBXNativeTarget section */

/* Begin PBXProject section */
		6FA94C2D1F2B127300EB7877 /* Project object */ = {
			isa = PBXProject;
			attributes = {
				LastUpgradeCheck = 0830;
				ORGANIZATIONNAME = "Chan Hee Park";
				TargetAttributes = {
					6FA94C341F2B127300EB7877 = {
						CreatedOnToolsVersion = 8.3.3;
						DevelopmentTeam = 6Z5W2427H5;
						ProvisioningStyle = Automatic;
					};
					6FA94C4D1F2B127300EB7877 = {
						CreatedOnToolsVersion = 8.3.3;
						DevelopmentTeam = 6Z5W2427H5;
						ProvisioningStyle = Automatic;
						TestTargetID = 6FA94C341F2B127300EB7877;
					};
					6FA94C581F2B127300EB7877 = {
						CreatedOnToolsVersion = 8.3.3;
						DevelopmentTeam = 6Z5W2427H5;
						ProvisioningStyle = Automatic;
						TestTargetID = 6FA94C341F2B127300EB7877;
					};
				};
			};
			buildConfigurationList = 6FA94C301F2B127300EB7877 /* Build configuration list for PBXProject "Recruit" */;
			compatibilityVersion = "Xcode 3.2";
			developmentRegion = English;
			hasScannedForEncodings = 0;
			knownRegions = (
				en,
				Base,
			);
			mainGroup = 6FA94C2C1F2B127300EB7877;
			productRefGroup = 6FA94C361F2B127300EB7877 /* Products */;
			projectDirPath = "";
			projectRoot = "";
			targets = (
				6FA94C341F2B127300EB7877 /* Recruit */,
				6FA94C4D1F2B127300EB7877 /* RecruitTests */,
				6FA94C581F2B127300EB7877 /* RecruitUITests */,
			);
		};
/* End PBXProject section */

/* Begin PBXResourcesBuildPhase section */
		6FA94C331F2B127300EB7877 /* Resources */ = {
			isa = PBXResourcesBuildPhase;
			buildActionMask = 2147483647;
			files = (
				6FA94C481F2B127300EB7877 /* LaunchScreen.storyboard in Resources */,
				6FA94C451F2B127300EB7877 /* Assets.xcassets in Resources */,
				6FA94C431F2B127300EB7877 /* Main.storyboard in Resources */,
			);
			runOnlyForDeploymentPostprocessing = 0;
		};
		6FA94C4C1F2B127300EB7877 /* Resources */ = {
			isa = PBXResourcesBuildPhase;
			buildActionMask = 2147483647;
			files = (
			);
			runOnlyForDeploymentPostprocessing = 0;
		};
		6FA94C571F2B127300EB7877 /* Resources */ = {
			isa = PBXResourcesBuildPhase;
			buildActionMask = 2147483647;
			files = (
			);
			runOnlyForDeploymentPostprocessing = 0;
		};
/* End PBXResourcesBuildPhase section */

/* Begin PBXShellScriptBuildPhase section */
		17C5E2A13A608196DBCFF74F /* [CP] Check Pods Manifest.lock */ = {
			isa = PBXShellScriptBuildPhase;
			buildActionMask = 2147483647;
			files = (
			);
			inputPaths = (
			);
			name = "[CP] Check Pods Manifest.lock";
			outputPaths = (
			);
			runOnlyForDeploymentPostprocessing = 0;
			shellPath = /bin/sh;
			shellScript = "diff \"${PODS_ROOT}/../Podfile.lock\" \"${PODS_ROOT}/Manifest.lock\" > /dev/null\nif [ $? != 0 ] ; then\n    # print error to STDERR\n    echo \"error: The sandbox is not in sync with the Podfile.lock. Run 'pod install' or update your CocoaPods installation.\" >&2\n    exit 1\nfi\n";
			showEnvVarsInLog = 0;
		};
		363F8F5C2A1D58730CE6ADC9 /* [CP] Copy Pods Resources */ = {
			isa = PBXShellScriptBuildPhase;
			buildActionMask = 2147483647;
			files = (
			);
			inputPaths = (
			);
			name = "[CP] Copy Pods Resources";
			outputPaths = (
			);
			runOnlyForDeploymentPostprocessing = 0;
			shellPath = /bin/sh;
			shellScript = "\"${SRCROOT}/Pods/Target Support Files/Pods-RecruitUITests/Pods-RecruitUITests-resources.sh\"\n";
			showEnvVarsInLog = 0;
		};
		91DB1C8E97EE419E33C20A39 /* [CP] Check Pods Manifest.lock */ = {
			isa = PBXShellScriptBuildPhase;
			buildActionMask = 2147483647;
			files = (
			);
			inputPaths = (
			);
			name = "[CP] Check Pods Manifest.lock";
			outputPaths = (
			);
			runOnlyForDeploymentPostprocessing = 0;
			shellPath = /bin/sh;
			shellScript = "diff \"${PODS_ROOT}/../Podfile.lock\" \"${PODS_ROOT}/Manifest.lock\" > /dev/null\nif [ $? != 0 ] ; then\n    # print error to STDERR\n    echo \"error: The sandbox is not in sync with the Podfile.lock. Run 'pod install' or update your CocoaPods installation.\" >&2\n    exit 1\nfi\n";
			showEnvVarsInLog = 0;
		};
		BA2A0726E21E97AD8679DD83 /* [CP] Embed Pods Frameworks */ = {
			isa = PBXShellScriptBuildPhase;
			buildActionMask = 2147483647;
			files = (
			);
			inputPaths = (
			);
			name = "[CP] Embed Pods Frameworks";
			outputPaths = (
			);
			runOnlyForDeploymentPostprocessing = 0;
			shellPath = /bin/sh;
			shellScript = "\"${SRCROOT}/Pods/Target Support Files/Pods-RecruitTests/Pods-RecruitTests-frameworks.sh\"\n";
			showEnvVarsInLog = 0;
		};
		BB4FD7EB4AF3B627B1EB8DB0 /* [CP] Copy Pods Resources */ = {
			isa = PBXShellScriptBuildPhase;
			buildActionMask = 2147483647;
			files = (
			);
			inputPaths = (
			);
			name = "[CP] Copy Pods Resources";
			outputPaths = (
			);
			runOnlyForDeploymentPostprocessing = 0;
			shellPath = /bin/sh;
			shellScript = "\"${SRCROOT}/Pods/Target Support Files/Pods-Recruit/Pods-Recruit-resources.sh\"\n";
			showEnvVarsInLog = 0;
		};
		BF187916D79768819BB72042 /* [CP] Copy Pods Resources */ = {
			isa = PBXShellScriptBuildPhase;
			buildActionMask = 2147483647;
			files = (
			);
			inputPaths = (
			);
			name = "[CP] Copy Pods Resources";
			outputPaths = (
			);
			runOnlyForDeploymentPostprocessing = 0;
			shellPath = /bin/sh;
			shellScript = "\"${SRCROOT}/Pods/Target Support Files/Pods-RecruitTests/Pods-RecruitTests-resources.sh\"\n";
			showEnvVarsInLog = 0;
		};
		E92FA5883DC27DA404FB4B2A /* [CP] Embed Pods Frameworks */ = {
			isa = PBXShellScriptBuildPhase;
			buildActionMask = 2147483647;
			files = (
			);
			inputPaths = (
			);
			name = "[CP] Embed Pods Frameworks";
			outputPaths = (
			);
			runOnlyForDeploymentPostprocessing = 0;
			shellPath = /bin/sh;
			shellScript = "\"${SRCROOT}/Pods/Target Support Files/Pods-RecruitUITests/Pods-RecruitUITests-frameworks.sh\"\n";
			showEnvVarsInLog = 0;
		};
		EBAFE9962125A876C504A4B0 /* [CP] Check Pods Manifest.lock */ = {
			isa = PBXShellScriptBuildPhase;
			buildActionMask = 2147483647;
			files = (
			);
			inputPaths = (
			);
			name = "[CP] Check Pods Manifest.lock";
			outputPaths = (
			);
			runOnlyForDeploymentPostprocessing = 0;
			shellPath = /bin/sh;
			shellScript = "diff \"${PODS_ROOT}/../Podfile.lock\" \"${PODS_ROOT}/Manifest.lock\" > /dev/null\nif [ $? != 0 ] ; then\n    # print error to STDERR\n    echo \"error: The sandbox is not in sync with the Podfile.lock. Run 'pod install' or update your CocoaPods installation.\" >&2\n    exit 1\nfi\n";
			showEnvVarsInLog = 0;
		};
		F831E9B3C8A678EBAD177C54 /* [CP] Embed Pods Frameworks */ = {
			isa = PBXShellScriptBuildPhase;
			buildActionMask = 2147483647;
			files = (
			);
			inputPaths = (
			);
			name = "[CP] Embed Pods Frameworks";
			outputPaths = (
			);
			runOnlyForDeploymentPostprocessing = 0;
			shellPath = /bin/sh;
			shellScript = "\"${SRCROOT}/Pods/Target Support Files/Pods-Recruit/Pods-Recruit-frameworks.sh\"\n";
			showEnvVarsInLog = 0;
		};
/* End PBXShellScriptBuildPhase section */

/* Begin PBXSourcesBuildPhase section */
		6FA94C311F2B127300EB7877 /* Sources */ = {
			isa = PBXSourcesBuildPhase;
			buildActionMask = 2147483647;
			files = (
				6FA94C701F2B221200EB7877 /* RCInterview.m in Sources */,
				6F24D1001F4AC7FF0059F753 /* RCQuestionSet.m in Sources */,
				6FD1EAD51F3AF2BC00DA4189 /* HomeOptionsCellConfig.m in Sources */,
				6FD1EAD11F3AECF400DA4189 /* HomeOptionsCellNode.m in Sources */,
				6FA94C401F2B127300EB7877 /* ViewController.m in Sources */,
				6FA94C731F2B223D00EB7877 /* RCCompany.m in Sources */,
				6FA94C771F2B23F700EB7877 /* RCInterviewProcessManager.m in Sources */,
				6FA75D5C1F4A3F31007DEE92 /* QuestionsViewController.m in Sources */,
				6FA94C7A1F2B24AE00EB7877 /* RCEmployerContact.m in Sources */,
				6FA94C3D1F2B127300EB7877 /* AppDelegate.m in Sources */,
				6FD1EAD81F3AF5B300DA4189 /* UIColor+Hex.m in Sources */,
				6FA94C3A1F2B127300EB7877 /* main.m in Sources */,
				6FA94C6D1F2B215800EB7877 /* HomeViewController.m in Sources */,
			);
			runOnlyForDeploymentPostprocessing = 0;
		};
		6FA94C4A1F2B127300EB7877 /* Sources */ = {
			isa = PBXSourcesBuildPhase;
			buildActionMask = 2147483647;
			files = (
				6FA94C531F2B127300EB7877 /* RecruitTests.m in Sources */,
			);
			runOnlyForDeploymentPostprocessing = 0;
		};
		6FA94C551F2B127300EB7877 /* Sources */ = {
			isa = PBXSourcesBuildPhase;
			buildActionMask = 2147483647;
			files = (
				6FA94C5E1F2B127300EB7877 /* RecruitUITests.m in Sources */,
			);
			runOnlyForDeploymentPostprocessing = 0;
		};
/* End PBXSourcesBuildPhase section */

/* Begin PBXTargetDependency section */
		6FA94C501F2B127300EB7877 /* PBXTargetDependency */ = {
			isa = PBXTargetDependency;
			target = 6FA94C341F2B127300EB7877 /* Recruit */;
			targetProxy = 6FA94C4F1F2B127300EB7877 /* PBXContainerItemProxy */;
		};
		6FA94C5B1F2B127300EB7877 /* PBXTargetDependency */ = {
			isa = PBXTargetDependency;
			target = 6FA94C341F2B127300EB7877 /* Recruit */;
			targetProxy = 6FA94C5A1F2B127300EB7877 /* PBXContainerItemProxy */;
		};
/* End PBXTargetDependency section */

/* Begin PBXVariantGroup section */
		6FA94C411F2B127300EB7877 /* Main.storyboard */ = {
			isa = PBXVariantGroup;
			children = (
				6FA94C421F2B127300EB7877 /* Base */,
			);
			name = Main.storyboard;
			sourceTree = "<group>";
		};
		6FA94C461F2B127300EB7877 /* LaunchScreen.storyboard */ = {
			isa = PBXVariantGroup;
			children = (
				6FA94C471F2B127300EB7877 /* Base */,
			);
			name = LaunchScreen.storyboard;
			sourceTree = "<group>";
		};
/* End PBXVariantGroup section */

/* Begin XCBuildConfiguration section */
		6FA94C601F2B127300EB7877 /* Debug */ = {
			isa = XCBuildConfiguration;
			buildSettings = {
				ALWAYS_SEARCH_USER_PATHS = NO;
				CLANG_ANALYZER_NONNULL = YES;
				CLANG_ANALYZER_NUMBER_OBJECT_CONVERSION = YES_AGGRESSIVE;
				CLANG_CXX_LANGUAGE_STANDARD = "gnu++0x";
				CLANG_CXX_LIBRARY = "libc++";
				CLANG_ENABLE_MODULES = YES;
				CLANG_ENABLE_OBJC_ARC = YES;
				CLANG_WARN_BOOL_CONVERSION = YES;
				CLANG_WARN_CONSTANT_CONVERSION = YES;
				CLANG_WARN_DIRECT_OBJC_ISA_USAGE = YES_ERROR;
				CLANG_WARN_DOCUMENTATION_COMMENTS = YES;
				CLANG_WARN_EMPTY_BODY = YES;
				CLANG_WARN_ENUM_CONVERSION = YES;
				CLANG_WARN_INFINITE_RECURSION = YES;
				CLANG_WARN_INT_CONVERSION = YES;
				CLANG_WARN_OBJC_ROOT_CLASS = YES_ERROR;
				CLANG_WARN_SUSPICIOUS_MOVE = YES;
				CLANG_WARN_UNREACHABLE_CODE = YES;
				CLANG_WARN__DUPLICATE_METHOD_MATCH = YES;
				"CODE_SIGN_IDENTITY[sdk=iphoneos*]" = "iPhone Developer";
				COPY_PHASE_STRIP = NO;
				DEBUG_INFORMATION_FORMAT = dwarf;
				ENABLE_STRICT_OBJC_MSGSEND = YES;
				ENABLE_TESTABILITY = YES;
				GCC_C_LANGUAGE_STANDARD = gnu99;
				GCC_DYNAMIC_NO_PIC = NO;
				GCC_NO_COMMON_BLOCKS = YES;
				GCC_OPTIMIZATION_LEVEL = 0;
				GCC_PREPROCESSOR_DEFINITIONS = (
					"DEBUG=1",
					"$(inherited)",
				);
				GCC_WARN_64_TO_32_BIT_CONVERSION = YES;
				GCC_WARN_ABOUT_RETURN_TYPE = YES_ERROR;
				GCC_WARN_UNDECLARED_SELECTOR = YES;
				GCC_WARN_UNINITIALIZED_AUTOS = YES_AGGRESSIVE;
				GCC_WARN_UNUSED_FUNCTION = YES;
				GCC_WARN_UNUSED_VARIABLE = YES;
				IPHONEOS_DEPLOYMENT_TARGET = 10.3;
				MTL_ENABLE_DEBUG_INFO = YES;
				ONLY_ACTIVE_ARCH = YES;
				SDKROOT = iphoneos;
				TARGETED_DEVICE_FAMILY = "1,2";
			};
			name = Debug;
		};
		6FA94C611F2B127300EB7877 /* Release */ = {
			isa = XCBuildConfiguration;
			buildSettings = {
				ALWAYS_SEARCH_USER_PATHS = NO;
				CLANG_ANALYZER_NONNULL = YES;
				CLANG_ANALYZER_NUMBER_OBJECT_CONVERSION = YES_AGGRESSIVE;
				CLANG_CXX_LANGUAGE_STANDARD = "gnu++0x";
				CLANG_CXX_LIBRARY = "libc++";
				CLANG_ENABLE_MODULES = YES;
				CLANG_ENABLE_OBJC_ARC = YES;
				CLANG_WARN_BOOL_CONVERSION = YES;
				CLANG_WARN_CONSTANT_CONVERSION = YES;
				CLANG_WARN_DIRECT_OBJC_ISA_USAGE = YES_ERROR;
				CLANG_WARN_DOCUMENTATION_COMMENTS = YES;
				CLANG_WARN_EMPTY_BODY = YES;
				CLANG_WARN_ENUM_CONVERSION = YES;
				CLANG_WARN_INFINITE_RECURSION = YES;
				CLANG_WARN_INT_CONVERSION = YES;
				CLANG_WARN_OBJC_ROOT_CLASS = YES_ERROR;
				CLANG_WARN_SUSPICIOUS_MOVE = YES;
				CLANG_WARN_UNREACHABLE_CODE = YES;
				CLANG_WARN__DUPLICATE_METHOD_MATCH = YES;
				"CODE_SIGN_IDENTITY[sdk=iphoneos*]" = "iPhone Developer";
				COPY_PHASE_STRIP = NO;
				DEBUG_INFORMATION_FORMAT = "dwarf-with-dsym";
				ENABLE_NS_ASSERTIONS = NO;
				ENABLE_STRICT_OBJC_MSGSEND = YES;
				GCC_C_LANGUAGE_STANDARD = gnu99;
				GCC_NO_COMMON_BLOCKS = YES;
				GCC_WARN_64_TO_32_BIT_CONVERSION = YES;
				GCC_WARN_ABOUT_RETURN_TYPE = YES_ERROR;
				GCC_WARN_UNDECLARED_SELECTOR = YES;
				GCC_WARN_UNINITIALIZED_AUTOS = YES_AGGRESSIVE;
				GCC_WARN_UNUSED_FUNCTION = YES;
				GCC_WARN_UNUSED_VARIABLE = YES;
				IPHONEOS_DEPLOYMENT_TARGET = 10.3;
				MTL_ENABLE_DEBUG_INFO = NO;
				SDKROOT = iphoneos;
				TARGETED_DEVICE_FAMILY = "1,2";
				VALIDATE_PRODUCT = YES;
			};
			name = Release;
		};
		6FA94C631F2B127300EB7877 /* Debug */ = {
			isa = XCBuildConfiguration;
			baseConfigurationReference = 97336ACA2B6719EA003E9946 /* Pods-Recruit.debug.xcconfig */;
			buildSettings = {
				ASSETCATALOG_COMPILER_APPICON_NAME = AppIcon;
				DEVELOPMENT_TEAM = 6Z5W2427H5;
				INFOPLIST_FILE = Recruit/Info.plist;
				LD_RUNPATH_SEARCH_PATHS = "$(inherited) @executable_path/Frameworks";
				PRODUCT_BUNDLE_IDENTIFIER = com.chanheepark.recruit.Recruit;
				PRODUCT_NAME = "$(TARGET_NAME)";
			};
			name = Debug;
		};
		6FA94C641F2B127300EB7877 /* Release */ = {
			isa = XCBuildConfiguration;
			baseConfigurationReference = 36B109B15994137604DB0498 /* Pods-Recruit.release.xcconfig */;
			buildSettings = {
				ASSETCATALOG_COMPILER_APPICON_NAME = AppIcon;
				DEVELOPMENT_TEAM = 6Z5W2427H5;
				INFOPLIST_FILE = Recruit/Info.plist;
				LD_RUNPATH_SEARCH_PATHS = "$(inherited) @executable_path/Frameworks";
				PRODUCT_BUNDLE_IDENTIFIER = com.chanheepark.recruit.Recruit;
				PRODUCT_NAME = "$(TARGET_NAME)";
			};
			name = Release;
		};
		6FA94C661F2B127300EB7877 /* Debug */ = {
			isa = XCBuildConfiguration;
			baseConfigurationReference = 7CF8F1529ED5FBD5ABF4B7E4 /* Pods-RecruitTests.debug.xcconfig */;
			buildSettings = {
				BUNDLE_LOADER = "$(TEST_HOST)";
				DEVELOPMENT_TEAM = 6Z5W2427H5;
				INFOPLIST_FILE = RecruitTests/Info.plist;
				LD_RUNPATH_SEARCH_PATHS = "$(inherited) @executable_path/Frameworks @loader_path/Frameworks";
				PRODUCT_BUNDLE_IDENTIFIER = com.chanheepark.recruit.RecruitTests;
				PRODUCT_NAME = "$(TARGET_NAME)";
				TEST_HOST = "$(BUILT_PRODUCTS_DIR)/Recruit.app/Recruit";
			};
			name = Debug;
		};
		6FA94C671F2B127300EB7877 /* Release */ = {
			isa = XCBuildConfiguration;
			baseConfigurationReference = 29D4727884AF1FFB325A98B5 /* Pods-RecruitTests.release.xcconfig */;
			buildSettings = {
				BUNDLE_LOADER = "$(TEST_HOST)";
				DEVELOPMENT_TEAM = 6Z5W2427H5;
				INFOPLIST_FILE = RecruitTests/Info.plist;
				LD_RUNPATH_SEARCH_PATHS = "$(inherited) @executable_path/Frameworks @loader_path/Frameworks";
				PRODUCT_BUNDLE_IDENTIFIER = com.chanheepark.recruit.RecruitTests;
				PRODUCT_NAME = "$(TARGET_NAME)";
				TEST_HOST = "$(BUILT_PRODUCTS_DIR)/Recruit.app/Recruit";
			};
			name = Release;
		};
		6FA94C691F2B127300EB7877 /* Debug */ = {
			isa = XCBuildConfiguration;
			baseConfigurationReference = 3EE5FB41662A88ADA4A8A1A9 /* Pods-RecruitUITests.debug.xcconfig */;
			buildSettings = {
				DEVELOPMENT_TEAM = 6Z5W2427H5;
				INFOPLIST_FILE = RecruitUITests/Info.plist;
				LD_RUNPATH_SEARCH_PATHS = "$(inherited) @executable_path/Frameworks @loader_path/Frameworks";
				PRODUCT_BUNDLE_IDENTIFIER = com.chanheepark.recruit.RecruitUITests;
				PRODUCT_NAME = "$(TARGET_NAME)";
				TEST_TARGET_NAME = Recruit;
			};
			name = Debug;
		};
		6FA94C6A1F2B127300EB7877 /* Release */ = {
			isa = XCBuildConfiguration;
			baseConfigurationReference = 56AAE36F412174AB10ACC01D /* Pods-RecruitUITests.release.xcconfig */;
			buildSettings = {
				DEVELOPMENT_TEAM = 6Z5W2427H5;
				INFOPLIST_FILE = RecruitUITests/Info.plist;
				LD_RUNPATH_SEARCH_PATHS = "$(inherited) @executable_path/Frameworks @loader_path/Frameworks";
				PRODUCT_BUNDLE_IDENTIFIER = com.chanheepark.recruit.RecruitUITests;
				PRODUCT_NAME = "$(TARGET_NAME)";
				TEST_TARGET_NAME = Recruit;
			};
			name = Release;
		};
/* End XCBuildConfiguration section */

/* Begin XCConfigurationList section */
		6FA94C301F2B127300EB7877 /* Build configuration list for PBXProject "Recruit" */ = {
			isa = XCConfigurationList;
			buildConfigurations = (
				6FA94C601F2B127300EB7877 /* Debug */,
				6FA94C611F2B127300EB7877 /* Release */,
			);
			defaultConfigurationIsVisible = 0;
			defaultConfigurationName = Release;
		};
		6FA94C621F2B127300EB7877 /* Build configuration list for PBXNativeTarget "Recruit" */ = {
			isa = XCConfigurationList;
			buildConfigurations = (
				6FA94C631F2B127300EB7877 /* Debug */,
				6FA94C641F2B127300EB7877 /* Release */,
			);
			defaultConfigurationIsVisible = 0;
			defaultConfigurationName = Release;
		};
		6FA94C651F2B127300EB7877 /* Build configuration list for PBXNativeTarget "RecruitTests" */ = {
			isa = XCConfigurationList;
			buildConfigurations = (
				6FA94C661F2B127300EB7877 /* Debug */,
				6FA94C671F2B127300EB7877 /* Release */,
			);
			defaultConfigurationIsVisible = 0;
			defaultConfigurationName = Release;
		};
		6FA94C681F2B127300EB7877 /* Build configuration list for PBXNativeTarget "RecruitUITests" */ = {
			isa = XCConfigurationList;
			buildConfigurations = (
				6FA94C691F2B127300EB7877 /* Debug */,
				6FA94C6A1F2B127300EB7877 /* Release */,
			);
			defaultConfigurationIsVisible = 0;
			defaultConfigurationName = Release;
		};
/* End XCConfigurationList section */
	};
	rootObject = 6FA94C2D1F2B127300EB7877 /* Project object */;
}
